
Microsoft Visual Studio Solution File, Format Version 12.00
# Visual Studio Version 16
VisualStudioVersion = 16.0.29926.136
MinimumVisualStudioVersion = 10.0.40219.1
Project("{FAE04EC0-301F-11D3-BF4B-00C04F79EFBC}") = "DiceRollForm", "DiceRollForm\DiceRollForm.csproj", "{584562C2-1469-4C9A-AD9B-BB10208C49E5}"
EndProject
Global
	GlobalSection(SolutionConfigurationPlatforms) = preSolution
		Debug|Any CPU = Debug|Any CPU
		Release|Any CPU = Release|Any CPU
	EndGlobalSection
	GlobalSection(ProjectConfigurationPlatforms) = postSolution
		{584562C2-1469-4C9A-AD9B-BB10208C49E5}.Debug|Any CPU.ActiveCfg = Debug|Any CPU
		{584562C2-1469-4C9A-AD9B-BB10208C49E5}.Debug|Any CPU.Build.0 = Debug|Any CPU
		{584562C2-1469-4C9A-AD9B-BB10208C49E5}.Release|Any CPU.ActiveCfg = Release|Any CPU
		{584562C2-1469-4C9A-AD9B-BB10208C49E5}.Release|Any CPU.Build.0 = Release|Any CPU
	EndGlobalSection
	GlobalSection(SolutionProperties) = preSolution
		HideSolutionNode = FALSE
	EndGlobalSection
	GlobalSection(ExtensibilityGlobals) = postSolution
		SolutionGuid = {785E0B21-B5E6-49E8-B60E-E1EB352C2CAA}
	EndGlobalSection
EndGlobal
